
Microsoft Visual Studio Solution File, Format Version 12.00
# Visual Studio Version 16
VisualStudioVersion = 16.0.29613.14
MinimumVisualStudioVersion = 10.0.40219.1
Project("{FAE04EC0-301F-11D3-BF4B-00C04F79EFBC}") = "Tabby", "Tabby\Tabby.csproj", "{B623C872-7C83-4032-91F4-AC9F7723533D}"
EndProject
Global
	GlobalSection(SolutionConfigurationPlatforms) = preSolution
		Debug|Any CPU = Debug|Any CPU
		Release|Any CPU = Release|Any CPU
	EndGlobalSection
	GlobalSection(ProjectConfigurationPlatforms) = postSolution
		{B623C872-7C83-4032-91F4-AC9F7723533D}.Debug|Any CPU.ActiveCfg = Debug|Any CPU
		{B623C872-7C83-4032-91F4-AC9F7723533D}.Debug|Any CPU.Build.0 = Debug|Any CPU
		{B623C872-7C83-4032-91F4-AC9F7723533D}.Release|Any CPU.ActiveCfg = Release|Any CPU
		{B623C872-7C83-4032-91F4-AC9F7723533D}.Release|Any CPU.Build.0 = Release|Any CPU
	EndGlobalSection
	GlobalSection(SolutionProperties) = preSolution
		HideSolutionNode = FALSE
	EndGlobalSection
	GlobalSection(ExtensibilityGlobals) = postSolution
		SolutionGuid = {05C6396F-7DFD-4381-A24C-DA36C1952DF4}
	EndGlobalSection
EndGlobal
